
Microsoft Visual Studio Solution File, Format Version 12.00
# Visual Studio Version 16
VisualStudioVersion = 16.0.30011.22
MinimumVisualStudioVersion = 10.0.40219.1
Project("{FAE04EC0-301F-11D3-BF4B-00C04F79EFBC}") = "Matching Barcode", "Matching Barcode\Matching Barcode.csproj", "{D939A91F-E489-4FAE-BF74-CA4B68DABB98}"
EndProject
Global
	GlobalSection(SolutionConfigurationPlatforms) = preSolution
		Debug|Any CPU = Debug|Any CPU
		Release|Any CPU = Release|Any CPU
	EndGlobalSection
	GlobalSection(ProjectConfigurationPlatforms) = postSolution
		{D939A91F-E489-4FAE-BF74-CA4B68DABB98}.Debug|Any CPU.ActiveCfg = Debug|Any CPU
		{D939A91F-E489-4FAE-BF74-CA4B68DABB98}.Debug|Any CPU.Build.0 = Debug|Any CPU
		{D939A91F-E489-4FAE-BF74-CA4B68DABB98}.Release|Any CPU.ActiveCfg = Release|Any CPU
		{D939A91F-E489-4FAE-BF74-CA4B68DABB98}.Release|Any CPU.Build.0 = Release|Any CPU
	EndGlobalSection
	GlobalSection(SolutionProperties) = preSolution
		HideSolutionNode = FALSE
	EndGlobalSection
	GlobalSection(ExtensibilityGlobals) = postSolution
		SolutionGuid = {E2A148C2-D04D-468F-BEAB-8EE5DC55E421}
	EndGlobalSection
EndGlobal
